# This file is autogenerated, do not edit; changes may be undone by the next 'dep ensure'.


[[projects]]
  name = "gopkg.in/gographics/imagick.v1"
  packages = [
    "imagick",
    "imagick/types"
  ]
  revision = "d099729bec659a0ffda4785a2226ecab0a62e2c3"
  version = "v1.1.2"

[solve-meta]
  analyzer-name = "dep"
  analyzer-version = 1
  inputs-digest = "9fdf61a512ec50a38b1611bffff93fac857b0e8f153fbf86102207245bc27c02"
  solver-name = "gps-cdcl"
  solver-version = 1
