# This file is autogenerated, do not edit; changes may be undone by the next 'dep ensure'.


[[projects]]
  name = "gopkg.in/gographics/imagick.v2"
  packages = [
    "imagick",
    "imagick/types"
  ]
  revision = "589a8ef16fd4f08a29ad26afe5c33fb5673e4efc"
  version = "v2.5.0"

[solve-meta]
  analyzer-name = "dep"
  analyzer-version = 1
  inputs-digest = "5672e9a66c2bcf76e4cab50b2f1186c6c32361d3c8bfa307b7ab20bcde821200"
  solver-name = "gps-cdcl"
  solver-version = 1
